github.com/leemcloughlin/gofarmhash v0.0.0-20160919192320-0a055c5b87a8 h1:cNufk+iHS/ZChvjjNI1i/ABH5pMIaKufavmiVrgu62Q=
github.com/leemcloughlin/gofarmhash v0.0.0-20160919192320-0a055c5b87a8/go.mod h1:f59bwMArqO7YmZZv21lKDV0fwP4N/vJZtL1/jv8wgaY=
golang.org/x/exp v0.0.0-20240409090435-93d18d7e34b8 h1:ESSUROHIBHg7USnszlcdmjBEwdMj9VUvU+OPk4yl2mc=
golang.org/x/exp v0.0.0-20240409090435-93d18d7e34b8/go.mod h1:/lliqkxwWAhPjf5oSOIJup2XcqJaw8RGS6k3TGEc7GI=
golang.org/x/time v0.5.0 h1:o7cqy6amK/52YcAKIPlM3a+Fpj35zvRj2TP+e1xFSfk=
golang.org/x/time v0.5.0/go.mod h1:3BpzKBy/shNhVucY/MWOyx10tF3SFh9QdLuxbVysPQM=
